// !$*UTF8*$!
{
	archiveVersion = 1;
	classes = {
	};
	objectVersion = 46;
	objects = {

/* Begin PBXBuildFile section */
		451876A41EAAF80500A8AA13 /* main.cpp in Sources */ = {isa = PBXBuildFile; fileRef = 451876A31EAAF80500A8AA13 /* main.cpp */; };
		451876B11EAAF89300A8AA13 /* packer in CopyFiles */ = {isa = PBXBuildFile; fileRef = 451876A01EAAF80500A8AA13 /* packer */; };
		451876B71EAAFB7B00A8AA13 /* stb_image_write.c in Sources */ = {isa = PBXBuildFile; fileRef = 451876B61EAAFB7B00A8AA13 /* stb_image_write.c */; };
		451876B91EAAFB8900A8AA13 /* stb_image.c in Sources */ = {isa = PBXBuildFile; fileRef = 451876B81EAAFB8900A8AA13 /* stb_image.c */; };
		451876BB1EAAFB9900A8AA13 /* stb_rect_pack.c in Sources */ = {isa = PBXBuildFile; fileRef = 451876BA1EAAFB9900A8AA13 /* stb_rect_pack.c */; };
		451877011EADBAF200A8AA13 /* image.cpp in Sources */ = {isa = PBXBuildFile; fileRef = 451876F51EADBAF200A8AA13 /* image.cpp */; };
		451877021EADBAF200A8AA13 /* load images.cpp in Sources */ = {isa = PBXBuildFile; fileRef = 451876F71EADBAF200A8AA13 /* load images.cpp */; };
		451877031EADBAF200A8AA13 /* blit images.cpp in Sources */ = {isa = PBXBuildFile; fileRef = 451876F91EADBAF200A8AA13 /* blit images.cpp */; };
		451877061EADBAF200A8AA13 /* write image.cpp in Sources */ = {isa = PBXBuildFile; fileRef = 451876FF1EADBAF200A8AA13 /* write image.cpp */; };
		451877191EADD90C00A8AA13 /* app.cpp in Sources */ = {isa = PBXBuildFile; fileRef = 451877171EADD90C00A8AA13 /* app.cpp */; };
		457DEF941EB9C170003E4275 /* user interface.cpp in Sources */ = {isa = PBXBuildFile; fileRef = 457DEF921EB9C170003E4275 /* user interface.cpp */; };
		457DEF9E1EBB18E3003E4275 /* write atlas.cpp in Sources */ = {isa = PBXBuildFile; fileRef = 457DEF9C1EBB18E3003E4275 /* write atlas.cpp */; };
		4592B4771F020E5D00D1640D /* unpacker.cpp in Sources */ = {isa = PBXBuildFile; fileRef = 4592B4751F020E5D00D1640D /* unpacker.cpp */; };
		4592B4781F020E5D00D1640D /* unpacker.hpp in Headers */ = {isa = PBXBuildFile; fileRef = 4592B4761F020E5D00D1640D /* unpacker.hpp */; };
		4592B47D1F02224F00D1640D /* unpacker.hpp in CopyFiles */ = {isa = PBXBuildFile; fileRef = 4592B4761F020E5D00D1640D /* unpacker.hpp */; };
		4592B4841F0358F200D1640D /* image.cpp in Sources */ = {isa = PBXBuildFile; fileRef = 4592B4801F0358F200D1640D /* image.cpp */; };
		4592B4851F0358F200D1640D /* image.hpp in Headers */ = {isa = PBXBuildFile; fileRef = 4592B4811F0358F200D1640D /* image.hpp */; };
		4592B4861F0358F200D1640D /* load images.cpp in Sources */ = {isa = PBXBuildFile; fileRef = 4592B4821F0358F200D1640D /* load images.cpp */; };
		4592B4871F0358F200D1640D /* load images.hpp in Headers */ = {isa = PBXBuildFile; fileRef = 4592B4831F0358F200D1640D /* load images.hpp */; };
		4592B48A1F03595200D1640D /* stb_image.c in Sources */ = {isa = PBXBuildFile; fileRef = 4592B4881F03595200D1640D /* stb_image.c */; };
		4592B48B1F03595200D1640D /* stb_image.h in Headers */ = {isa = PBXBuildFile; fileRef = 4592B4891F03595200D1640D /* stb_image.h */; };
		45A628A81EC455E000F5022B /* profiler.cpp in Sources */ = {isa = PBXBuildFile; fileRef = 45A6289F1EC455E000F5022B /* profiler.cpp */; };
		45A628A91EC455E000F5022B /* search dir.cpp in Sources */ = {isa = PBXBuildFile; fileRef = 45A628A11EC455E000F5022B /* search dir.cpp */; };
		45A628AA1EC455E000F5022B /* terminal color.cpp in Sources */ = {isa = PBXBuildFile; fileRef = 45A628A31EC455E000F5022B /* terminal color.cpp */; };
		45A628AE1EC4583000F5022B /* pack rects.cpp in Sources */ = {isa = PBXBuildFile; fileRef = 45A628AC1EC4583000F5022B /* pack rects.cpp */; };
		45A628B21EC45D8400F5022B /* rects from images.cpp in Sources */ = {isa = PBXBuildFile; fileRef = 45A628B01EC45D8400F5022B /* rects from images.cpp */; };
		45B5E6681EF65B0D00A6A3E2 /* libyaml-cpp.0.5.3.dylib in Frameworks */ = {isa = PBXBuildFile; fileRef = 45B5E6671EF65B0D00A6A3E2 /* libyaml-cpp.0.5.3.dylib */; };
		45B5E8FD1EFF76CF00A6A3E2 /* libUnpacker.dylib in CopyFiles */ = {isa = PBXBuildFile; fileRef = 45B5E8E81EFF50AE00A6A3E2 /* libUnpacker.dylib */; };
/* End PBXBuildFile section */

/* Begin PBXCopyFilesBuildPhase section */
		4518769E1EAAF80500A8AA13 /* CopyFiles */ = {
			isa = PBXCopyFilesBuildPhase;
			buildActionMask = 12;
			dstPath = /usr/local/bin;
			dstSubfolderSpec = 0;
			files = (
				451876B11EAAF89300A8AA13 /* packer in CopyFiles */,
			);
			runOnlyForDeploymentPostprocessing = 0;
		};
		45B5E8FC1EFF76B700A6A3E2 /* CopyFiles */ = {
			isa = PBXCopyFilesBuildPhase;
			buildActionMask = 2147483647;
			dstPath = /usr/local/lib;
			dstSubfolderSpec = 0;
			files = (
				45B5E8FD1EFF76CF00A6A3E2 /* libUnpacker.dylib in CopyFiles */,
			);
			runOnlyForDeploymentPostprocessing = 0;
		};
		45B5E8FE1EFF76DF00A6A3E2 /* CopyFiles */ = {
			isa = PBXCopyFilesBuildPhase;
			buildActionMask = 2147483647;
			dstPath = /usr/local/include/Unpacker;
			dstSubfolderSpec = 0;
			files = (
				4592B47D1F02224F00D1640D /* unpacker.hpp in CopyFiles */,
			);
			runOnlyForDeploymentPostprocessing = 0;
		};
/* End PBXCopyFilesBuildPhase section */

/* Begin PBXFileReference section */
		451876A01EAAF80500A8AA13 /* packer */ = {isa = PBXFileReference; explicitFileType = "compiled.mach-o.executable"; includeInIndex = 0; path = packer; sourceTree = BUILT_PRODUCTS_DIR; };
		451876A31EAAF80500A8AA13 /* main.cpp */ = {isa = PBXFileReference; lastKnownFileType = sourcecode.cpp.cpp; path = main.cpp; sourceTree = "<group>"; };
		451876B31EAAFB6900A8AA13 /* stb_image_write.h */ = {isa = PBXFileReference; lastKnownFileType = sourcecode.c.h; path = stb_image_write.h; sourceTree = "<group>"; };
		451876B41EAAFB6900A8AA13 /* stb_image.h */ = {isa = PBXFileReference; lastKnownFileType = sourcecode.c.h; path = stb_image.h; sourceTree = "<group>"; };
		451876B51EAAFB6900A8AA13 /* stb_rect_pack.h */ = {isa = PBXFileReference; lastKnownFileType = sourcecode.c.h; path = stb_rect_pack.h; sourceTree = "<group>"; };
		451876B61EAAFB7B00A8AA13 /* stb_image_write.c */ = {isa = PBXFileReference; fileEncoding = 4; lastKnownFileType = sourcecode.c.c; path = stb_image_write.c; sourceTree = "<group>"; };
		451876B81EAAFB8900A8AA13 /* stb_image.c */ = {isa = PBXFileReference; fileEncoding = 4; lastKnownFileType = sourcecode.c.c; path = stb_image.c; sourceTree = "<group>"; };
		451876BA1EAAFB9900A8AA13 /* stb_rect_pack.c */ = {isa = PBXFileReference; fileEncoding = 4; lastKnownFileType = sourcecode.c.c; path = stb_rect_pack.c; sourceTree = "<group>"; };
		451876F51EADBAF200A8AA13 /* image.cpp */ = {isa = PBXFileReference; fileEncoding = 4; lastKnownFileType = sourcecode.cpp.cpp; path = image.cpp; sourceTree = "<group>"; };
		451876F61EADBAF200A8AA13 /* image.hpp */ = {isa = PBXFileReference; fileEncoding = 4; lastKnownFileType = sourcecode.cpp.h; path = image.hpp; sourceTree = "<group>"; };
		451876F71EADBAF200A8AA13 /* load images.cpp */ = {isa = PBXFileReference; fileEncoding = 4; lastKnownFileType = sourcecode.cpp.cpp; path = "load images.cpp"; sourceTree = "<group>"; };
		451876F81EADBAF200A8AA13 /* load images.hpp */ = {isa = PBXFileReference; fileEncoding = 4; lastKnownFileType = sourcecode.cpp.h; path = "load images.hpp"; sourceTree = "<group>"; };
		451876F91EADBAF200A8AA13 /* blit images.cpp */ = {isa = PBXFileReference; fileEncoding = 4; lastKnownFileType = sourcecode.cpp.cpp; path = "blit images.cpp"; sourceTree = "<group>"; };
		451876FA1EADBAF200A8AA13 /* blit images.hpp */ = {isa = PBXFileReference; fileEncoding = 4; lastKnownFileType = sourcecode.cpp.h; path = "blit images.hpp"; sourceTree = "<group>"; };
		451876FF1EADBAF200A8AA13 /* write image.cpp */ = {isa = PBXFileReference; fileEncoding = 4; lastKnownFileType = sourcecode.cpp.cpp; path = "write image.cpp"; sourceTree = "<group>"; };
		451877001EADBAF200A8AA13 /* write image.hpp */ = {isa = PBXFileReference; fileEncoding = 4; lastKnownFileType = sourcecode.cpp.h; path = "write image.hpp"; sourceTree = "<group>"; };
		451877171EADD90C00A8AA13 /* app.cpp */ = {isa = PBXFileReference; fileEncoding = 4; lastKnownFileType = sourcecode.cpp.cpp; path = app.cpp; sourceTree = "<group>"; };
		451877181EADD90C00A8AA13 /* app.hpp */ = {isa = PBXFileReference; fileEncoding = 4; lastKnownFileType = sourcecode.cpp.h; path = app.hpp; sourceTree = "<group>"; };
		457DEF921EB9C170003E4275 /* user interface.cpp */ = {isa = PBXFileReference; fileEncoding = 4; lastKnownFileType = sourcecode.cpp.cpp; path = "user interface.cpp"; sourceTree = "<group>"; };
		457DEF931EB9C170003E4275 /* user interface.hpp */ = {isa = PBXFileReference; fileEncoding = 4; lastKnownFileType = sourcecode.cpp.h; path = "user interface.hpp"; sourceTree = "<group>"; };
		457DEF9C1EBB18E3003E4275 /* write atlas.cpp */ = {isa = PBXFileReference; fileEncoding = 4; lastKnownFileType = sourcecode.cpp.cpp; path = "write atlas.cpp"; sourceTree = "<group>"; };
		457DEF9D1EBB18E3003E4275 /* write atlas.hpp */ = {isa = PBXFileReference; fileEncoding = 4; lastKnownFileType = sourcecode.cpp.h; path = "write atlas.hpp"; sourceTree = "<group>"; };
		4592B4751F020E5D00D1640D /* unpacker.cpp */ = {isa = PBXFileReference; fileEncoding = 4; lastKnownFileType = sourcecode.cpp.cpp; path = unpacker.cpp; sourceTree = "<group>"; };
		4592B4761F020E5D00D1640D /* unpacker.hpp */ = {isa = PBXFileReference; fileEncoding = 4; lastKnownFileType = sourcecode.cpp.h; path = unpacker.hpp; sourceTree = "<group>"; };
		4592B4801F0358F200D1640D /* image.cpp */ = {isa = PBXFileReference; fileEncoding = 4; lastKnownFileType = sourcecode.cpp.cpp; path = image.cpp; sourceTree = "<group>"; };
		4592B4811F0358F200D1640D /* image.hpp */ = {isa = PBXFileReference; fileEncoding = 4; lastKnownFileType = sourcecode.cpp.h; path = image.hpp; sourceTree = "<group>"; };
		4592B4821F0358F200D1640D /* load images.cpp */ = {isa = PBXFileReference; fileEncoding = 4; lastKnownFileType = sourcecode.cpp.cpp; path = "load images.cpp"; sourceTree = "<group>"; };
		4592B4831F0358F200D1640D /* load images.hpp */ = {isa = PBXFileReference; fileEncoding = 4; lastKnownFileType = sourcecode.cpp.h; path = "load images.hpp"; sourceTree = "<group>"; };
		4592B4881F03595200D1640D /* stb_image.c */ = {isa = PBXFileReference; fileEncoding = 4; lastKnownFileType = sourcecode.c.c; path = stb_image.c; sourceTree = "<group>"; };
		4592B4891F03595200D1640D /* stb_image.h */ = {isa = PBXFileReference; fileEncoding = 4; lastKnownFileType = sourcecode.c.h; path = stb_image.h; sourceTree = "<group>"; };
		45A6289D1EC455E000F5022B /* math.hpp */ = {isa = PBXFileReference; fileEncoding = 4; lastKnownFileType = sourcecode.cpp.h; path = math.hpp; sourceTree = "<group>"; };
		45A6289F1EC455E000F5022B /* profiler.cpp */ = {isa = PBXFileReference; fileEncoding = 4; lastKnownFileType = sourcecode.cpp.cpp; path = profiler.cpp; sourceTree = "<group>"; };
		45A628A01EC455E000F5022B /* profiler.hpp */ = {isa = PBXFileReference; fileEncoding = 4; lastKnownFileType = sourcecode.cpp.h; path = profiler.hpp; sourceTree = "<group>"; };
		45A628A11EC455E000F5022B /* search dir.cpp */ = {isa = PBXFileReference; fileEncoding = 4; lastKnownFileType = sourcecode.cpp.cpp; path = "search dir.cpp"; sourceTree = "<group>"; };
		45A628A21EC455E000F5022B /* search dir.hpp */ = {isa = PBXFileReference; fileEncoding = 4; lastKnownFileType = sourcecode.cpp.h; path = "search dir.hpp"; sourceTree = "<group>"; };
		45A628A31EC455E000F5022B /* terminal color.cpp */ = {isa = PBXFileReference; fileEncoding = 4; lastKnownFileType = sourcecode.cpp.cpp; path = "terminal color.cpp"; sourceTree = "<group>"; };
		45A628A41EC455E000F5022B /* terminal color.hpp */ = {isa = PBXFileReference; fileEncoding = 4; lastKnownFileType = sourcecode.cpp.h; path = "terminal color.hpp"; sourceTree = "<group>"; };
		45A628A51EC455E000F5022B /* vector.hpp */ = {isa = PBXFileReference; fileEncoding = 4; lastKnownFileType = sourcecode.cpp.h; path = vector.hpp; sourceTree = "<group>"; };
		45A628AC1EC4583000F5022B /* pack rects.cpp */ = {isa = PBXFileReference; fileEncoding = 4; lastKnownFileType = sourcecode.cpp.cpp; path = "pack rects.cpp"; sourceTree = "<group>"; };
		45A628AD1EC4583000F5022B /* pack rects.hpp */ = {isa = PBXFileReference; fileEncoding = 4; lastKnownFileType = sourcecode.cpp.h; path = "pack rects.hpp"; sourceTree = "<group>"; };
		45A628AF1EC4588600F5022B /* types.hpp */ = {isa = PBXFileReference; lastKnownFileType = sourcecode.cpp.h; path = types.hpp; sourceTree = "<group>"; };
		45A628B01EC45D8400F5022B /* rects from images.cpp */ = {isa = PBXFileReference; fileEncoding = 4; lastKnownFileType = sourcecode.cpp.cpp; path = "rects from images.cpp"; sourceTree = "<group>"; };
		45A628B11EC45D8400F5022B /* rects from images.hpp */ = {isa = PBXFileReference; fileEncoding = 4; lastKnownFileType = sourcecode.cpp.h; path = "rects from images.hpp"; sourceTree = "<group>"; };
		45A628B41EC67C4D00F5022B /* range.hpp */ = {isa = PBXFileReference; fileEncoding = 4; lastKnownFileType = sourcecode.cpp.h; path = range.hpp; sourceTree = "<group>"; };
		45A628B61EC6E3E000F5022B /* make range from vector.hpp */ = {isa = PBXFileReference; lastKnownFileType = sourcecode.cpp.h; path = "make range from vector.hpp"; sourceTree = "<group>"; };
		45B5E6671EF65B0D00A6A3E2 /* libyaml-cpp.0.5.3.dylib */ = {isa = PBXFileReference; lastKnownFileType = "compiled.mach-o.dylib"; name = "libyaml-cpp.0.5.3.dylib"; path = "../../../../../../usr/local/Cellar/yaml-cpp/0.5.3/lib/libyaml-cpp.0.5.3.dylib"; sourceTree = "<group>"; };
		45B5E8E81EFF50AE00A6A3E2 /* libUnpacker.dylib */ = {isa = PBXFileReference; explicitFileType = "compiled.mach-o.dylib"; includeInIndex = 0; path = libUnpacker.dylib; sourceTree = BUILT_PRODUCTS_DIR; };
/* End PBXFileReference section */

/* Begin PBXFrameworksBuildPhase section */
		4518769D1EAAF80500A8AA13 /* Frameworks */ = {
			isa = PBXFrameworksBuildPhase;
			buildActionMask = 2147483647;
			files = (
				45B5E6681EF65B0D00A6A3E2 /* libyaml-cpp.0.5.3.dylib in Frameworks */,
			);
			runOnlyForDeploymentPostprocessing = 0;
		};
		45B5E8E51EFF50AE00A6A3E2 /* Frameworks */ = {
			isa = PBXFrameworksBuildPhase;
			buildActionMask = 2147483647;
			files = (
			);
			runOnlyForDeploymentPostprocessing = 0;
		};
/* End PBXFrameworksBuildPhase section */

/* Begin PBXGroup section */
		451876971EAAF80500A8AA13 = {
			isa = PBXGroup;
			children = (
				451876A21EAAF80500A8AA13 /* Texture Atlas Generator */,
				45B5E8EC1EFF514000A6A3E2 /* Unpacker */,
				451876A11EAAF80500A8AA13 /* Products */,
				451876BC1EAAFC2600A8AA13 /* Frameworks */,
			);
			sourceTree = "<group>";
		};
		451876A11EAAF80500A8AA13 /* Products */ = {
			isa = PBXGroup;
			children = (
				451876A01EAAF80500A8AA13 /* packer */,
				45B5E8E81EFF50AE00A6A3E2 /* libUnpacker.dylib */,
			);
			name = Products;
			sourceTree = "<group>";
		};
		451876A21EAAF80500A8AA13 /* Texture Atlas Generator */ = {
			isa = PBXGroup;
			children = (
				45A6289C1EC4558500F5022B /* Utils */,
				451876F31EADB97600A8AA13 /* Image */,
				451876B21EAAFB0900A8AA13 /* Libraries */,
				451877171EADD90C00A8AA13 /* app.cpp */,
				451877181EADD90C00A8AA13 /* app.hpp */,
				451876A31EAAF80500A8AA13 /* main.cpp */,
			);
			path = "Texture Atlas Generator";
			sourceTree = "<group>";
		};
		451876B21EAAFB0900A8AA13 /* Libraries */ = {
			isa = PBXGroup;
			children = (
				451876B61EAAFB7B00A8AA13 /* stb_image_write.c */,
				451876B31EAAFB6900A8AA13 /* stb_image_write.h */,
				451876B81EAAFB8900A8AA13 /* stb_image.c */,
				451876B41EAAFB6900A8AA13 /* stb_image.h */,
				451876BA1EAAFB9900A8AA13 /* stb_rect_pack.c */,
				451876B51EAAFB6900A8AA13 /* stb_rect_pack.h */,
			);
			path = Libraries;
			sourceTree = "<group>";
		};
		451876BC1EAAFC2600A8AA13 /* Frameworks */ = {
			isa = PBXGroup;
			children = (
				45B5E6671EF65B0D00A6A3E2 /* libyaml-cpp.0.5.3.dylib */,
			);
			name = Frameworks;
			sourceTree = "<group>";
		};
		451876F31EADB97600A8AA13 /* Image */ = {
			isa = PBXGroup;
			children = (
				451876F51EADBAF200A8AA13 /* image.cpp */,
				451876F61EADBAF200A8AA13 /* image.hpp */,
				45A628B01EC45D8400F5022B /* rects from images.cpp */,
				45A628B11EC45D8400F5022B /* rects from images.hpp */,
				451876F71EADBAF200A8AA13 /* load images.cpp */,
				451876F81EADBAF200A8AA13 /* load images.hpp */,
				451876F91EADBAF200A8AA13 /* blit images.cpp */,
				451876FA1EADBAF200A8AA13 /* blit images.hpp */,
				451876FF1EADBAF200A8AA13 /* write image.cpp */,
				451877001EADBAF200A8AA13 /* write image.hpp */,
				457DEF9C1EBB18E3003E4275 /* write atlas.cpp */,
				457DEF9D1EBB18E3003E4275 /* write atlas.hpp */,
				457DEF921EB9C170003E4275 /* user interface.cpp */,
				457DEF931EB9C170003E4275 /* user interface.hpp */,
			);
			path = Image;
			sourceTree = "<group>";
		};
		45A6289C1EC4558500F5022B /* Utils */ = {
			isa = PBXGroup;
			children = (
				45A6289D1EC455E000F5022B /* math.hpp */,
				45A628A11EC455E000F5022B /* search dir.cpp */,
				45A628A21EC455E000F5022B /* search dir.hpp */,
				45A628A51EC455E000F5022B /* vector.hpp */,
				45A628AF1EC4588600F5022B /* types.hpp */,
				45A628AC1EC4583000F5022B /* pack rects.cpp */,
				45A628AD1EC4583000F5022B /* pack rects.hpp */,
				45A628A31EC455E000F5022B /* terminal color.cpp */,
				45A628A41EC455E000F5022B /* terminal color.hpp */,
				45A6289F1EC455E000F5022B /* profiler.cpp */,
				45A628A01EC455E000F5022B /* profiler.hpp */,
				45A628B41EC67C4D00F5022B /* range.hpp */,
				45A628B61EC6E3E000F5022B /* make range from vector.hpp */,
			);
			path = Utils;
			sourceTree = "<group>";
		};
		45B5E8EC1EFF514000A6A3E2 /* Unpacker */ = {
			isa = PBXGroup;
			children = (
				4592B4801F0358F200D1640D /* image.cpp */,
				4592B4811F0358F200D1640D /* image.hpp */,
				4592B4821F0358F200D1640D /* load images.cpp */,
				4592B4831F0358F200D1640D /* load images.hpp */,
				4592B4881F03595200D1640D /* stb_image.c */,
				4592B4891F03595200D1640D /* stb_image.h */,
				4592B4751F020E5D00D1640D /* unpacker.cpp */,
				4592B4761F020E5D00D1640D /* unpacker.hpp */,
			);
			path = Unpacker;
			sourceTree = "<group>";
		};
/* End PBXGroup section */

/* Begin PBXHeadersBuildPhase section */
		45B5E8E61EFF50AE00A6A3E2 /* Headers */ = {
			isa = PBXHeadersBuildPhase;
			buildActionMask = 2147483647;
			files = (
				4592B48B1F03595200D1640D /* stb_image.h in Headers */,
				4592B4851F0358F200D1640D /* image.hpp in Headers */,
				4592B4871F0358F200D1640D /* load images.hpp in Headers */,
				4592B4781F020E5D00D1640D /* unpacker.hpp in Headers */,
			);
			runOnlyForDeploymentPostprocessing = 0;
		};
/* End PBXHeadersBuildPhase section */

/* Begin PBXNativeTarget section */
		4518769F1EAAF80500A8AA13 /* packer */ = {
			isa = PBXNativeTarget;
			buildConfigurationList = 451876A71EAAF80500A8AA13 /* Build configuration list for PBXNativeTarget "packer" */;
			buildPhases = (
				4518769C1EAAF80500A8AA13 /* Sources */,
				4518769D1EAAF80500A8AA13 /* Frameworks */,
				4518769E1EAAF80500A8AA13 /* CopyFiles */,
			);
			buildRules = (
			);
			dependencies = (
			);
			name = packer;
			productName = "Texture Atlas Generator";
			productReference = 451876A01EAAF80500A8AA13 /* packer */;
			productType = "com.apple.product-type.tool";
		};
		45B5E8E71EFF50AE00A6A3E2 /* Unpacker */ = {
			isa = PBXNativeTarget;
			buildConfigurationList = 45B5E8E91EFF50AE00A6A3E2 /* Build configuration list for PBXNativeTarget "Unpacker" */;
			buildPhases = (
				45B5E8E41EFF50AE00A6A3E2 /* Sources */,
				45B5E8E51EFF50AE00A6A3E2 /* Frameworks */,
				45B5E8E61EFF50AE00A6A3E2 /* Headers */,
				45B5E8FC1EFF76B700A6A3E2 /* CopyFiles */,
				45B5E8FE1EFF76DF00A6A3E2 /* CopyFiles */,
			);
			buildRules = (
			);
			dependencies = (
			);
			name = Unpacker;
			productName = unpacker;
			productReference = 45B5E8E81EFF50AE00A6A3E2 /* libUnpacker.dylib */;
			productType = "com.apple.product-type.library.dynamic";
		};
/* End PBXNativeTarget section */

/* Begin PBXProject section */
		451876981EAAF80500A8AA13 /* Project object */ = {
			isa = PBXProject;
			attributes = {
				LastUpgradeCheck = 0830;
				ORGANIZATIONNAME = "Indi Kernick";
				TargetAttributes = {
					4518769F1EAAF80500A8AA13 = {
						CreatedOnToolsVersion = 8.1;
						ProvisioningStyle = Automatic;
					};
					45B5E8E71EFF50AE00A6A3E2 = {
						CreatedOnToolsVersion = 8.3.2;
						ProvisioningStyle = Automatic;
					};
				};
			};
			buildConfigurationList = 4518769B1EAAF80500A8AA13 /* Build configuration list for PBXProject "Texture Atlas Generator" */;
			compatibilityVersion = "Xcode 3.2";
			developmentRegion = English;
			hasScannedForEncodings = 0;
			knownRegions = (
				en,
			);
			mainGroup = 451876971EAAF80500A8AA13;
			productRefGroup = 451876A11EAAF80500A8AA13 /* Products */;
			projectDirPath = "";
			projectRoot = "";
			targets = (
				4518769F1EAAF80500A8AA13 /* packer */,
				45B5E8E71EFF50AE00A6A3E2 /* Unpacker */,
			);
		};
/* End PBXProject section */

/* Begin PBXSourcesBuildPhase section */
		4518769C1EAAF80500A8AA13 /* Sources */ = {
			isa = PBXSourcesBuildPhase;
			buildActionMask = 2147483647;
			files = (
				451876BB1EAAFB9900A8AA13 /* stb_rect_pack.c in Sources */,
				451877021EADBAF200A8AA13 /* load images.cpp in Sources */,
				457DEF9E1EBB18E3003E4275 /* write atlas.cpp in Sources */,
				45A628B21EC45D8400F5022B /* rects from images.cpp in Sources */,
				45A628A91EC455E000F5022B /* search dir.cpp in Sources */,
				451877031EADBAF200A8AA13 /* blit images.cpp in Sources */,
				457DEF941EB9C170003E4275 /* user interface.cpp in Sources */,
				451876A41EAAF80500A8AA13 /* main.cpp in Sources */,
				451877191EADD90C00A8AA13 /* app.cpp in Sources */,
				45A628A81EC455E000F5022B /* profiler.cpp in Sources */,
				45A628AA1EC455E000F5022B /* terminal color.cpp in Sources */,
				451877011EADBAF200A8AA13 /* image.cpp in Sources */,
				451876B71EAAFB7B00A8AA13 /* stb_image_write.c in Sources */,
				451876B91EAAFB8900A8AA13 /* stb_image.c in Sources */,
				451877061EADBAF200A8AA13 /* write image.cpp in Sources */,
				45A628AE1EC4583000F5022B /* pack rects.cpp in Sources */,
			);
			runOnlyForDeploymentPostprocessing = 0;
		};
		45B5E8E41EFF50AE00A6A3E2 /* Sources */ = {
			isa = PBXSourcesBuildPhase;
			buildActionMask = 2147483647;
			files = (
				4592B4771F020E5D00D1640D /* unpacker.cpp in Sources */,
				4592B4841F0358F200D1640D /* image.cpp in Sources */,
				4592B4861F0358F200D1640D /* load images.cpp in Sources */,
				4592B48A1F03595200D1640D /* stb_image.c in Sources */,
			);
			runOnlyForDeploymentPostprocessing = 0;
		};
/* End PBXSourcesBuildPhase section */

/* Begin XCBuildConfiguration section */
		451876A51EAAF80500A8AA13 /* Debug */ = {
			isa = XCBuildConfiguration;
			buildSettings = {
				ALWAYS_SEARCH_USER_PATHS = NO;
				CLANG_ANALYZER_NONNULL = YES;
				CLANG_CXX_LANGUAGE_STANDARD = "gnu++0x";
				CLANG_CXX_LIBRARY = "libc++";
				CLANG_ENABLE_MODULES = YES;
				CLANG_ENABLE_OBJC_ARC = YES;
				CLANG_WARN_BOOL_CONVERSION = YES;
				CLANG_WARN_CONSTANT_CONVERSION = YES;
				CLANG_WARN_DIRECT_OBJC_ISA_USAGE = YES_ERROR;
				CLANG_WARN_DOCUMENTATION_COMMENTS = YES;
				CLANG_WARN_EMPTY_BODY = YES;
				CLANG_WARN_ENUM_CONVERSION = YES;
				CLANG_WARN_INFINITE_RECURSION = YES;
				CLANG_WARN_INT_CONVERSION = YES;
				CLANG_WARN_OBJC_ROOT_CLASS = YES_ERROR;
				CLANG_WARN_SUSPICIOUS_MOVE = YES;
				CLANG_WARN_SUSPICIOUS_MOVES = YES;
				CLANG_WARN_UNREACHABLE_CODE = YES;
				CLANG_WARN__DUPLICATE_METHOD_MATCH = YES;
				CODE_SIGN_IDENTITY = "-";
				COPY_PHASE_STRIP = NO;
				DEBUG_INFORMATION_FORMAT = dwarf;
				ENABLE_STRICT_OBJC_MSGSEND = YES;
				ENABLE_TESTABILITY = YES;
				GCC_C_LANGUAGE_STANDARD = gnu99;
				GCC_DYNAMIC_NO_PIC = NO;
				GCC_NO_COMMON_BLOCKS = YES;
				GCC_OPTIMIZATION_LEVEL = 0;
				GCC_PREPROCESSOR_DEFINITIONS = (
					"DEBUG=1",
					"$(inherited)",
				);
				GCC_WARN_64_TO_32_BIT_CONVERSION = YES;
				GCC_WARN_ABOUT_RETURN_TYPE = YES_ERROR;
				GCC_WARN_UNDECLARED_SELECTOR = YES;
				GCC_WARN_UNINITIALIZED_AUTOS = YES_AGGRESSIVE;
				GCC_WARN_UNUSED_FUNCTION = YES;
				GCC_WARN_UNUSED_VARIABLE = YES;
				MACOSX_DEPLOYMENT_TARGET = 10.12;
				MTL_ENABLE_DEBUG_INFO = YES;
				ONLY_ACTIVE_ARCH = YES;
				SDKROOT = macosx;
			};
			name = Debug;
		};
		451876A61EAAF80500A8AA13 /* Release */ = {
			isa = XCBuildConfiguration;
			buildSettings = {
				ALWAYS_SEARCH_USER_PATHS = NO;
				CLANG_ANALYZER_NONNULL = YES;
				CLANG_CXX_LANGUAGE_STANDARD = "gnu++0x";
				CLANG_CXX_LIBRARY = "libc++";
				CLANG_ENABLE_MODULES = YES;
				CLANG_ENABLE_OBJC_ARC = YES;
				CLANG_WARN_BOOL_CONVERSION = YES;
				CLANG_WARN_CONSTANT_CONVERSION = YES;
				CLANG_WARN_DIRECT_OBJC_ISA_USAGE = YES_ERROR;
				CLANG_WARN_DOCUMENTATION_COMMENTS = YES;
				CLANG_WARN_EMPTY_BODY = YES;
				CLANG_WARN_ENUM_CONVERSION = YES;
				CLANG_WARN_INFINITE_RECURSION = YES;
				CLANG_WARN_INT_CONVERSION = YES;
				CLANG_WARN_OBJC_ROOT_CLASS = YES_ERROR;
				CLANG_WARN_SUSPICIOUS_MOVE = YES;
				CLANG_WARN_SUSPICIOUS_MOVES = YES;
				CLANG_WARN_UNREACHABLE_CODE = YES;
				CLANG_WARN__DUPLICATE_METHOD_MATCH = YES;
				CODE_SIGN_IDENTITY = "-";
				COPY_PHASE_STRIP = NO;
				DEBUG_INFORMATION_FORMAT = "dwarf-with-dsym";
				ENABLE_NS_ASSERTIONS = NO;
				ENABLE_STRICT_OBJC_MSGSEND = YES;
				GCC_C_LANGUAGE_STANDARD = gnu99;
				GCC_NO_COMMON_BLOCKS = YES;
				GCC_WARN_64_TO_32_BIT_CONVERSION = YES;
				GCC_WARN_ABOUT_RETURN_TYPE = YES_ERROR;
				GCC_WARN_UNDECLARED_SELECTOR = YES;
				GCC_WARN_UNINITIALIZED_AUTOS = YES_AGGRESSIVE;
				GCC_WARN_UNUSED_FUNCTION = YES;
				GCC_WARN_UNUSED_VARIABLE = YES;
				MACOSX_DEPLOYMENT_TARGET = 10.12;
				MTL_ENABLE_DEBUG_INFO = NO;
				SDKROOT = macosx;
			};
			name = Release;
		};
		451876A81EAAF80500A8AA13 /* Debug */ = {
			isa = XCBuildConfiguration;
			buildSettings = {
				CLANG_CXX_LANGUAGE_STANDARD = "compiler-default";
				CLANG_WARN_ASSIGN_ENUM = YES;
				CLANG_WARN_DOCUMENTATION_COMMENTS = NO;
				CLANG_WARN_IMPLICIT_SIGN_CONVERSION = NO;
				CLANG_WARN_SUSPICIOUS_IMPLICIT_CONVERSION = NO;
				GCC_C_LANGUAGE_STANDARD = c11;
				GCC_PREPROCESSOR_DEFINITIONS = DEBUG;
				GCC_TREAT_INCOMPATIBLE_POINTER_TYPE_WARNINGS_AS_ERRORS = YES;
				GCC_WARN_FOUR_CHARACTER_CONSTANTS = YES;
				GCC_WARN_HIDDEN_VIRTUAL_FUNCTIONS = YES;
				GCC_WARN_NON_VIRTUAL_DESTRUCTOR = YES;
				GCC_WARN_SHADOW = YES;
				GCC_WARN_SIGN_COMPARE = YES;
				GCC_WARN_UNKNOWN_PRAGMAS = YES;
				GCC_WARN_UNUSED_LABEL = YES;
				GCC_WARN_UNUSED_PARAMETER = YES;
				HEADER_SEARCH_PATHS = (
					/usr/local/include/,
					"/usr/local/Cellar/freetype/**",
					"/usr/local/Cellar/yaml-cpp/**",
				);
				LIBRARY_SEARCH_PATHS = (
					/usr/local/lib,
					"/usr/local/Cellar/freetype/**",
					"/usr/local/Cellar/yaml-cpp/**",
				);
				OTHER_CPLUSPLUSFLAGS = (
					"$(OTHER_CFLAGS)",
					"-Wall",
					"-Wextra",
					"-Weffc++",
					"-Wpedantic",
					"-Wextra-semi",
					"-std=c++1z",
				);
				PRODUCT_NAME = "$(TARGET_NAME)";
			};
			name = Debug;
		};
		451876A91EAAF80500A8AA13 /* Release */ = {
			isa = XCBuildConfiguration;
			buildSettings = {
				CLANG_CXX_LANGUAGE_STANDARD = "compiler-default";
				CLANG_WARN_ASSIGN_ENUM = YES;
				CLANG_WARN_DOCUMENTATION_COMMENTS = NO;
				CLANG_WARN_IMPLICIT_SIGN_CONVERSION = NO;
				CLANG_WARN_SUSPICIOUS_IMPLICIT_CONVERSION = NO;
				GCC_C_LANGUAGE_STANDARD = c11;
				GCC_PREPROCESSOR_DEFINITIONS = RELEASE;
				GCC_TREAT_INCOMPATIBLE_POINTER_TYPE_WARNINGS_AS_ERRORS = YES;
				GCC_WARN_FOUR_CHARACTER_CONSTANTS = YES;
				GCC_WARN_HIDDEN_VIRTUAL_FUNCTIONS = YES;
				GCC_WARN_NON_VIRTUAL_DESTRUCTOR = YES;
				GCC_WARN_SHADOW = YES;
				GCC_WARN_SIGN_COMPARE = YES;
				GCC_WARN_UNKNOWN_PRAGMAS = YES;
				GCC_WARN_UNUSED_LABEL = YES;
				GCC_WARN_UNUSED_PARAMETER = YES;
				HEADER_SEARCH_PATHS = (
					/usr/local/include/,
					"/usr/local/Cellar/freetype/**",
					"/usr/local/Cellar/yaml-cpp/**",
				);
				LIBRARY_SEARCH_PATHS = (
					/usr/local/lib,
					"/usr/local/Cellar/freetype/**",
					"/usr/local/Cellar/yaml-cpp/**",
				);
				OTHER_CPLUSPLUSFLAGS = (
					"$(OTHER_CFLAGS)",
					"-Wall",
					"-Wextra",
					"-Weffc++",
					"-Wpedantic",
					"-Wextra-semi",
					"-std=c++1z",
				);
				PRODUCT_NAME = "$(TARGET_NAME)";
			};
			name = Release;
		};
		45B5E8EA1EFF50AE00A6A3E2 /* Debug */ = {
			isa = XCBuildConfiguration;
			buildSettings = {
				CLANG_ANALYZER_NUMBER_OBJECT_CONVERSION = YES_AGGRESSIVE;
				CLANG_CXX_LANGUAGE_STANDARD = "compiler-default";
				DYLIB_COMPATIBILITY_VERSION = 1;
				DYLIB_CURRENT_VERSION = 1;
				EXECUTABLE_PREFIX = lib;
				GCC_C_LANGUAGE_STANDARD = c99;
				OTHER_CFLAGS = "";
				OTHER_CPLUSPLUSFLAGS = (
					"$(OTHER_CFLAGS)",
					"-Wall",
					"-Wextra",
					"-Wpedantic",
					"-fvisibility=hidden",
					"-std=c++1z",
				);
				PRODUCT_NAME = "$(TARGET_NAME)";
			};
			name = Debug;
		};
		45B5E8EB1EFF50AE00A6A3E2 /* Release */ = {
			isa = XCBuildConfiguration;
			buildSettings = {
				CLANG_ANALYZER_NUMBER_OBJECT_CONVERSION = YES_AGGRESSIVE;
				CLANG_CXX_LANGUAGE_STANDARD = "compiler-default";
				DYLIB_COMPATIBILITY_VERSION = 1;
				DYLIB_CURRENT_VERSION = 1;
				EXECUTABLE_PREFIX = lib;
				GCC_C_LANGUAGE_STANDARD = c99;
				OTHER_CFLAGS = "";
				OTHER_CPLUSPLUSFLAGS = (
					"$(OTHER_CFLAGS)",
					"-Wall",
					"-Wextra",
					"-Wpedantic",
					"-fvisibility=hidden",
					"-std=c++1z",
				);
				PRODUCT_NAME = "$(TARGET_NAME)";
			};
			name = Release;
		};
/* End XCBuildConfiguration section */

/* Begin XCConfigurationList section */
		4518769B1EAAF80500A8AA13 /* Build configuration list for PBXProject "Texture Atlas Generator" */ = {
			isa = XCConfigurationList;
			buildConfigurations = (
				451876A51EAAF80500A8AA13 /* Debug */,
				451876A61EAAF80500A8AA13 /* Release */,
			);
			defaultConfigurationIsVisible = 0;
			defaultConfigurationName = Release;
		};
		451876A71EAAF80500A8AA13 /* Build configuration list for PBXNativeTarget "packer" */ = {
			isa = XCConfigurationList;
			buildConfigurations = (
				451876A81EAAF80500A8AA13 /* Debug */,
				451876A91EAAF80500A8AA13 /* Release */,
			);
			defaultConfigurationIsVisible = 0;
			defaultConfigurationName = Release;
		};
		45B5E8E91EFF50AE00A6A3E2 /* Build configuration list for PBXNativeTarget "Unpacker" */ = {
			isa = XCConfigurationList;
			buildConfigurations = (
				45B5E8EA1EFF50AE00A6A3E2 /* Debug */,
				45B5E8EB1EFF50AE00A6A3E2 /* Release */,
			);
			defaultConfigurationIsVisible = 0;
			defaultConfigurationName = Release;
		};
/* End XCConfigurationList section */
	};
	rootObject = 451876981EAAF80500A8AA13 /* Project object */;
}
