// !$*UTF8*$!
{
	archiveVersion = 1;
	classes = {
	};
	objectVersion = 46;
	objects = {

/* Begin PBXAggregateTarget section */
		45B32E981FF3883D007BA7F4 /* Unpacker dylib */ = {
			isa = PBXAggregateTarget;
			buildConfigurationList = 45B32E991FF3883E007BA7F4 /* Build configuration list for PBXAggregateTarget "Unpacker dylib" */;
			buildPhases = (
				45B32E9E1FF38848007BA7F4 /* ShellScript */,
			);
			dependencies = (
				45B32E9D1FF38845007BA7F4 /* PBXTargetDependency */,
			);
			name = "Unpacker dylib";
			productName = "Unpacker dylib";
		};
/* End PBXAggregateTarget section */

/* Begin PBXBuildFile section */
		451876A41EAAF80500A8AA13 /* main.cpp in Sources */ = {isa = PBXBuildFile; fileRef = 451876A31EAAF80500A8AA13 /* main.cpp */; };
		451876B11EAAF89300A8AA13 /* packer in CopyFiles */ = {isa = PBXBuildFile; fileRef = 451876A01EAAF80500A8AA13 /* packer */; };
		451876BB1EAAFB9900A8AA13 /* stb_rect_pack.c in Sources */ = {isa = PBXBuildFile; fileRef = 451876BA1EAAFB9900A8AA13 /* stb_rect_pack.c */; };
		451877021EADBAF200A8AA13 /* load images.cpp in Sources */ = {isa = PBXBuildFile; fileRef = 451876F71EADBAF200A8AA13 /* load images.cpp */; };
		451877031EADBAF200A8AA13 /* blit images.cpp in Sources */ = {isa = PBXBuildFile; fileRef = 451876F91EADBAF200A8AA13 /* blit images.cpp */; };
		451877061EADBAF200A8AA13 /* write image.cpp in Sources */ = {isa = PBXBuildFile; fileRef = 451876FF1EADBAF200A8AA13 /* write image.cpp */; };
		451877191EADD90C00A8AA13 /* app.cpp in Sources */ = {isa = PBXBuildFile; fileRef = 451877171EADD90C00A8AA13 /* app.cpp */; };
		454D03E11FE629F800D3E560 /* sort by frame.cpp in Sources */ = {isa = PBXBuildFile; fileRef = 454D03DF1FE629F800D3E560 /* sort by frame.cpp */; };
		457DEF941EB9C170003E4275 /* user interface.cpp in Sources */ = {isa = PBXBuildFile; fileRef = 457DEF921EB9C170003E4275 /* user interface.cpp */; };
		457DEF9E1EBB18E3003E4275 /* write atlas.cpp in Sources */ = {isa = PBXBuildFile; fileRef = 457DEF9C1EBB18E3003E4275 /* write atlas.cpp */; };
		4592B49A1F05CF2B00D1640D /* logger.cpp in Sources */ = {isa = PBXBuildFile; fileRef = 4592B4981F05CF2B00D1640D /* logger.cpp */; };
		45A628A91EC455E000F5022B /* search dir.cpp in Sources */ = {isa = PBXBuildFile; fileRef = 45A628A11EC455E000F5022B /* search dir.cpp */; };
		45A628AA1EC455E000F5022B /* terminal color.cpp in Sources */ = {isa = PBXBuildFile; fileRef = 45A628A31EC455E000F5022B /* terminal color.cpp */; };
		45A628AE1EC4583000F5022B /* pack rects.cpp in Sources */ = {isa = PBXBuildFile; fileRef = 45A628AC1EC4583000F5022B /* pack rects.cpp */; };
		45A628B21EC45D8400F5022B /* rects from images.cpp in Sources */ = {isa = PBXBuildFile; fileRef = 45A628B01EC45D8400F5022B /* rects from images.cpp */; };
		45B32E9F1FF388EB007BA7F4 /* unpacker.cpp in Sources */ = {isa = PBXBuildFile; fileRef = 4592B4751F020E5D00D1640D /* unpacker.cpp */; };
		45B32EA51FF389A6007BA7F4 /* types.hpp in CopyFiles */ = {isa = PBXBuildFile; fileRef = 4592B48F1F0474F600D1640D /* types.hpp */; };
		45B32EA61FF389A6007BA7F4 /* unpacker.hpp in CopyFiles */ = {isa = PBXBuildFile; fileRef = 4592B4761F020E5D00D1640D /* unpacker.hpp */; };
		45B32EA81FF38B16007BA7F4 /* libUnpacker.a in CopyFiles */ = {isa = PBXBuildFile; fileRef = 45B32E941FF38827007BA7F4 /* libUnpacker.a */; };
		45B32EAB1FF3929D007BA7F4 /* libSurface.a in Frameworks */ = {isa = PBXBuildFile; fileRef = 45B32EAA1FF3929D007BA7F4 /* libSurface.a */; };
		45B5E6681EF65B0D00A6A3E2 /* libyaml-cpp.0.5.3.dylib in Frameworks */ = {isa = PBXBuildFile; fileRef = 45B5E6671EF65B0D00A6A3E2 /* libyaml-cpp.0.5.3.dylib */; };
/* End PBXBuildFile section */

/* Begin PBXContainerItemProxy section */
		45B32E9C1FF38845007BA7F4 /* PBXContainerItemProxy */ = {
			isa = PBXContainerItemProxy;
			containerPortal = 451876981EAAF80500A8AA13 /* Project object */;
			proxyType = 1;
			remoteGlobalIDString = 45B32E931FF38827007BA7F4;
			remoteInfo = Unpacker;
		};
		45B32EA01FF38936007BA7F4 /* PBXContainerItemProxy */ = {
			isa = PBXContainerItemProxy;
			containerPortal = 451876981EAAF80500A8AA13 /* Project object */;
			proxyType = 1;
			remoteGlobalIDString = 4518769F1EAAF80500A8AA13;
			remoteInfo = packer;
		};
/* End PBXContainerItemProxy section */

/* Begin PBXCopyFilesBuildPhase section */
		4518769E1EAAF80500A8AA13 /* CopyFiles */ = {
			isa = PBXCopyFilesBuildPhase;
			buildActionMask = 12;
			dstPath = /usr/local/bin;
			dstSubfolderSpec = 0;
			files = (
				451876B11EAAF89300A8AA13 /* packer in CopyFiles */,
			);
			runOnlyForDeploymentPostprocessing = 0;
		};
		45B32EA41FF38979007BA7F4 /* CopyFiles */ = {
			isa = PBXCopyFilesBuildPhase;
			buildActionMask = 2147483647;
			dstPath = /usr/local/include/Unpack;
			dstSubfolderSpec = 0;
			files = (
				45B32EA51FF389A6007BA7F4 /* types.hpp in CopyFiles */,
				45B32EA61FF389A6007BA7F4 /* unpacker.hpp in CopyFiles */,
			);
			runOnlyForDeploymentPostprocessing = 0;
		};
		45B32EA71FF38B07007BA7F4 /* CopyFiles */ = {
			isa = PBXCopyFilesBuildPhase;
			buildActionMask = 2147483647;
			dstPath = /usr/local/lib;
			dstSubfolderSpec = 0;
			files = (
				45B32EA81FF38B16007BA7F4 /* libUnpacker.a in CopyFiles */,
			);
			runOnlyForDeploymentPostprocessing = 0;
		};
/* End PBXCopyFilesBuildPhase section */

/* Begin PBXFileReference section */
		451876A01EAAF80500A8AA13 /* packer */ = {isa = PBXFileReference; explicitFileType = "compiled.mach-o.executable"; includeInIndex = 0; path = packer; sourceTree = BUILT_PRODUCTS_DIR; };
		451876A31EAAF80500A8AA13 /* main.cpp */ = {isa = PBXFileReference; lastKnownFileType = sourcecode.cpp.cpp; path = main.cpp; sourceTree = "<group>"; };
		451876B51EAAFB6900A8AA13 /* stb_rect_pack.h */ = {isa = PBXFileReference; lastKnownFileType = sourcecode.c.h; path = stb_rect_pack.h; sourceTree = "<group>"; };
		451876BA1EAAFB9900A8AA13 /* stb_rect_pack.c */ = {isa = PBXFileReference; fileEncoding = 4; lastKnownFileType = sourcecode.c.c; path = stb_rect_pack.c; sourceTree = "<group>"; };
		451876F71EADBAF200A8AA13 /* load images.cpp */ = {isa = PBXFileReference; fileEncoding = 4; lastKnownFileType = sourcecode.cpp.cpp; path = "load images.cpp"; sourceTree = "<group>"; };
		451876F81EADBAF200A8AA13 /* load images.hpp */ = {isa = PBXFileReference; fileEncoding = 4; lastKnownFileType = sourcecode.cpp.h; path = "load images.hpp"; sourceTree = "<group>"; };
		451876F91EADBAF200A8AA13 /* blit images.cpp */ = {isa = PBXFileReference; fileEncoding = 4; lastKnownFileType = sourcecode.cpp.cpp; path = "blit images.cpp"; sourceTree = "<group>"; };
		451876FA1EADBAF200A8AA13 /* blit images.hpp */ = {isa = PBXFileReference; fileEncoding = 4; lastKnownFileType = sourcecode.cpp.h; path = "blit images.hpp"; sourceTree = "<group>"; };
		451876FF1EADBAF200A8AA13 /* write image.cpp */ = {isa = PBXFileReference; fileEncoding = 4; lastKnownFileType = sourcecode.cpp.cpp; path = "write image.cpp"; sourceTree = "<group>"; };
		451877001EADBAF200A8AA13 /* write image.hpp */ = {isa = PBXFileReference; fileEncoding = 4; lastKnownFileType = sourcecode.cpp.h; path = "write image.hpp"; sourceTree = "<group>"; };
		451877171EADD90C00A8AA13 /* app.cpp */ = {isa = PBXFileReference; fileEncoding = 4; lastKnownFileType = sourcecode.cpp.cpp; path = app.cpp; sourceTree = "<group>"; };
		451877181EADD90C00A8AA13 /* app.hpp */ = {isa = PBXFileReference; fileEncoding = 4; lastKnownFileType = sourcecode.cpp.h; path = app.hpp; sourceTree = "<group>"; };
		454D03DF1FE629F800D3E560 /* sort by frame.cpp */ = {isa = PBXFileReference; lastKnownFileType = sourcecode.cpp.cpp; path = "sort by frame.cpp"; sourceTree = "<group>"; };
		454D03E01FE629F800D3E560 /* sort by frame.hpp */ = {isa = PBXFileReference; lastKnownFileType = sourcecode.cpp.h; path = "sort by frame.hpp"; sourceTree = "<group>"; };
		457DEF921EB9C170003E4275 /* user interface.cpp */ = {isa = PBXFileReference; fileEncoding = 4; lastKnownFileType = sourcecode.cpp.cpp; path = "user interface.cpp"; sourceTree = "<group>"; };
		457DEF931EB9C170003E4275 /* user interface.hpp */ = {isa = PBXFileReference; fileEncoding = 4; lastKnownFileType = sourcecode.cpp.h; path = "user interface.hpp"; sourceTree = "<group>"; };
		457DEF9C1EBB18E3003E4275 /* write atlas.cpp */ = {isa = PBXFileReference; fileEncoding = 4; lastKnownFileType = sourcecode.cpp.cpp; path = "write atlas.cpp"; sourceTree = "<group>"; };
		457DEF9D1EBB18E3003E4275 /* write atlas.hpp */ = {isa = PBXFileReference; fileEncoding = 4; lastKnownFileType = sourcecode.cpp.h; path = "write atlas.hpp"; sourceTree = "<group>"; };
		4592B4751F020E5D00D1640D /* unpacker.cpp */ = {isa = PBXFileReference; fileEncoding = 4; lastKnownFileType = sourcecode.cpp.cpp; path = unpacker.cpp; sourceTree = "<group>"; };
		4592B4761F020E5D00D1640D /* unpacker.hpp */ = {isa = PBXFileReference; fileEncoding = 4; lastKnownFileType = sourcecode.cpp.h; path = unpacker.hpp; sourceTree = "<group>"; };
		4592B48F1F0474F600D1640D /* types.hpp */ = {isa = PBXFileReference; fileEncoding = 4; lastKnownFileType = sourcecode.cpp.h; path = types.hpp; sourceTree = "<group>"; };
		4592B4981F05CF2B00D1640D /* logger.cpp */ = {isa = PBXFileReference; fileEncoding = 4; lastKnownFileType = sourcecode.cpp.cpp; path = logger.cpp; sourceTree = "<group>"; };
		4592B4991F05CF2B00D1640D /* logger.hpp */ = {isa = PBXFileReference; fileEncoding = 4; lastKnownFileType = sourcecode.cpp.h; path = logger.hpp; sourceTree = "<group>"; };
		45A6289D1EC455E000F5022B /* math.hpp */ = {isa = PBXFileReference; fileEncoding = 4; lastKnownFileType = sourcecode.cpp.h; path = math.hpp; sourceTree = "<group>"; };
		45A628A11EC455E000F5022B /* search dir.cpp */ = {isa = PBXFileReference; fileEncoding = 4; lastKnownFileType = sourcecode.cpp.cpp; path = "search dir.cpp"; sourceTree = "<group>"; };
		45A628A21EC455E000F5022B /* search dir.hpp */ = {isa = PBXFileReference; fileEncoding = 4; lastKnownFileType = sourcecode.cpp.h; path = "search dir.hpp"; sourceTree = "<group>"; };
		45A628A31EC455E000F5022B /* terminal color.cpp */ = {isa = PBXFileReference; fileEncoding = 4; lastKnownFileType = sourcecode.cpp.cpp; path = "terminal color.cpp"; sourceTree = "<group>"; };
		45A628A41EC455E000F5022B /* terminal color.hpp */ = {isa = PBXFileReference; fileEncoding = 4; lastKnownFileType = sourcecode.cpp.h; path = "terminal color.hpp"; sourceTree = "<group>"; };
		45A628AC1EC4583000F5022B /* pack rects.cpp */ = {isa = PBXFileReference; fileEncoding = 4; lastKnownFileType = sourcecode.cpp.cpp; path = "pack rects.cpp"; sourceTree = "<group>"; };
		45A628AD1EC4583000F5022B /* pack rects.hpp */ = {isa = PBXFileReference; fileEncoding = 4; lastKnownFileType = sourcecode.cpp.h; path = "pack rects.hpp"; sourceTree = "<group>"; };
		45A628AF1EC4588600F5022B /* types.hpp */ = {isa = PBXFileReference; lastKnownFileType = sourcecode.cpp.h; path = types.hpp; sourceTree = "<group>"; };
		45A628B01EC45D8400F5022B /* rects from images.cpp */ = {isa = PBXFileReference; fileEncoding = 4; lastKnownFileType = sourcecode.cpp.cpp; path = "rects from images.cpp"; sourceTree = "<group>"; };
		45A628B11EC45D8400F5022B /* rects from images.hpp */ = {isa = PBXFileReference; fileEncoding = 4; lastKnownFileType = sourcecode.cpp.h; path = "rects from images.hpp"; sourceTree = "<group>"; };
		45B32E8E1FF37E5B007BA7F4 /* libSurface.dylib */ = {isa = PBXFileReference; lastKnownFileType = "compiled.mach-o.dylib"; name = libSurface.dylib; path = ../../../../../../../usr/local/lib/libSurface.dylib; sourceTree = "<group>"; };
		45B32E941FF38827007BA7F4 /* libUnpacker.a */ = {isa = PBXFileReference; explicitFileType = archive.ar; includeInIndex = 0; path = libUnpacker.a; sourceTree = BUILT_PRODUCTS_DIR; };
		45B32EAA1FF3929D007BA7F4 /* libSurface.a */ = {isa = PBXFileReference; lastKnownFileType = archive.ar; name = libSurface.a; path = ../../../../../../../usr/local/lib/libSurface.a; sourceTree = "<group>"; };
		45B5E6671EF65B0D00A6A3E2 /* libyaml-cpp.0.5.3.dylib */ = {isa = PBXFileReference; lastKnownFileType = "compiled.mach-o.dylib"; name = "libyaml-cpp.0.5.3.dylib"; path = "../../../../../../usr/local/Cellar/yaml-cpp/0.5.3/lib/libyaml-cpp.0.5.3.dylib"; sourceTree = "<group>"; };
/* End PBXFileReference section */

/* Begin PBXFrameworksBuildPhase section */
		4518769D1EAAF80500A8AA13 /* Frameworks */ = {
			isa = PBXFrameworksBuildPhase;
			buildActionMask = 2147483647;
			files = (
				45B5E6681EF65B0D00A6A3E2 /* libyaml-cpp.0.5.3.dylib in Frameworks */,
			);
			runOnlyForDeploymentPostprocessing = 0;
		};
		45B32EA91FF38D5D007BA7F4 /* Frameworks */ = {
			isa = PBXFrameworksBuildPhase;
			buildActionMask = 2147483647;
			files = (
				45B32EAB1FF3929D007BA7F4 /* libSurface.a in Frameworks */,
			);
			runOnlyForDeploymentPostprocessing = 0;
		};
/* End PBXFrameworksBuildPhase section */

/* Begin PBXGroup section */
		451876971EAAF80500A8AA13 = {
			isa = PBXGroup;
			children = (
				451876A21EAAF80500A8AA13 /* Texture Atlas Generator */,
				45B5E8EC1EFF514000A6A3E2 /* Unpacker */,
				451876A11EAAF80500A8AA13 /* Products */,
				451876BC1EAAFC2600A8AA13 /* Frameworks */,
			);
			sourceTree = "<group>";
		};
		451876A11EAAF80500A8AA13 /* Products */ = {
			isa = PBXGroup;
			children = (
				451876A01EAAF80500A8AA13 /* packer */,
				45B32E941FF38827007BA7F4 /* libUnpacker.a */,
			);
			name = Products;
			sourceTree = "<group>";
		};
		451876A21EAAF80500A8AA13 /* Texture Atlas Generator */ = {
			isa = PBXGroup;
			children = (
				45A6289C1EC4558500F5022B /* Utils */,
				451876F31EADB97600A8AA13 /* Image */,
				451876B21EAAFB0900A8AA13 /* Libraries */,
				451877171EADD90C00A8AA13 /* app.cpp */,
				451877181EADD90C00A8AA13 /* app.hpp */,
				451876A31EAAF80500A8AA13 /* main.cpp */,
			);
			path = "Texture Atlas Generator";
			sourceTree = "<group>";
		};
		451876B21EAAFB0900A8AA13 /* Libraries */ = {
			isa = PBXGroup;
			children = (
				451876BA1EAAFB9900A8AA13 /* stb_rect_pack.c */,
				451876B51EAAFB6900A8AA13 /* stb_rect_pack.h */,
			);
			path = Libraries;
			sourceTree = "<group>";
		};
		451876BC1EAAFC2600A8AA13 /* Frameworks */ = {
			isa = PBXGroup;
			children = (
				45B32EAA1FF3929D007BA7F4 /* libSurface.a */,
				45B32E8E1FF37E5B007BA7F4 /* libSurface.dylib */,
				45B5E6671EF65B0D00A6A3E2 /* libyaml-cpp.0.5.3.dylib */,
			);
			name = Frameworks;
			sourceTree = "<group>";
		};
		451876F31EADB97600A8AA13 /* Image */ = {
			isa = PBXGroup;
			children = (
				45A628B01EC45D8400F5022B /* rects from images.cpp */,
				45A628B11EC45D8400F5022B /* rects from images.hpp */,
				451876F71EADBAF200A8AA13 /* load images.cpp */,
				451876F81EADBAF200A8AA13 /* load images.hpp */,
				451876F91EADBAF200A8AA13 /* blit images.cpp */,
				451876FA1EADBAF200A8AA13 /* blit images.hpp */,
				451876FF1EADBAF200A8AA13 /* write image.cpp */,
				451877001EADBAF200A8AA13 /* write image.hpp */,
				457DEF9C1EBB18E3003E4275 /* write atlas.cpp */,
				457DEF9D1EBB18E3003E4275 /* write atlas.hpp */,
				457DEF921EB9C170003E4275 /* user interface.cpp */,
				457DEF931EB9C170003E4275 /* user interface.hpp */,
			);
			path = Image;
			sourceTree = "<group>";
		};
		45A6289C1EC4558500F5022B /* Utils */ = {
			isa = PBXGroup;
			children = (
				45A628AF1EC4588600F5022B /* types.hpp */,
				45A6289D1EC455E000F5022B /* math.hpp */,
				45A628A11EC455E000F5022B /* search dir.cpp */,
				45A628A21EC455E000F5022B /* search dir.hpp */,
				45A628AC1EC4583000F5022B /* pack rects.cpp */,
				45A628AD1EC4583000F5022B /* pack rects.hpp */,
				45A628A31EC455E000F5022B /* terminal color.cpp */,
				45A628A41EC455E000F5022B /* terminal color.hpp */,
				4592B4981F05CF2B00D1640D /* logger.cpp */,
				4592B4991F05CF2B00D1640D /* logger.hpp */,
				454D03DF1FE629F800D3E560 /* sort by frame.cpp */,
				454D03E01FE629F800D3E560 /* sort by frame.hpp */,
			);
			path = Utils;
			sourceTree = "<group>";
		};
		45B5E8EC1EFF514000A6A3E2 /* Unpacker */ = {
			isa = PBXGroup;
			children = (
				4592B48F1F0474F600D1640D /* types.hpp */,
				4592B4751F020E5D00D1640D /* unpacker.cpp */,
				4592B4761F020E5D00D1640D /* unpacker.hpp */,
			);
			path = Unpacker;
			sourceTree = "<group>";
		};
/* End PBXGroup section */

/* Begin PBXNativeTarget section */
		4518769F1EAAF80500A8AA13 /* packer */ = {
			isa = PBXNativeTarget;
			buildConfigurationList = 451876A71EAAF80500A8AA13 /* Build configuration list for PBXNativeTarget "packer" */;
			buildPhases = (
				4518769C1EAAF80500A8AA13 /* Sources */,
				4518769D1EAAF80500A8AA13 /* Frameworks */,
				4518769E1EAAF80500A8AA13 /* CopyFiles */,
				4592B4921F04786E00D1640D /* ShellScript */,
			);
			buildRules = (
			);
			dependencies = (
			);
			name = packer;
			productName = "Texture Atlas Generator";
			productReference = 451876A01EAAF80500A8AA13 /* packer */;
			productType = "com.apple.product-type.tool";
		};
		45B32E931FF38827007BA7F4 /* Unpacker */ = {
			isa = PBXNativeTarget;
			buildConfigurationList = 45B32E951FF38827007BA7F4 /* Build configuration list for PBXNativeTarget "Unpacker" */;
			buildPhases = (
				45B32E901FF38827007BA7F4 /* Sources */,
				45B32EA91FF38D5D007BA7F4 /* Frameworks */,
				45B32EA31FF38944007BA7F4 /* ShellScript */,
				45B32EA41FF38979007BA7F4 /* CopyFiles */,
				45B32EA71FF38B07007BA7F4 /* CopyFiles */,
			);
			buildRules = (
			);
			dependencies = (
				45B32EA11FF38936007BA7F4 /* PBXTargetDependency */,
			);
			name = Unpacker;
			productName = Unpacker;
			productReference = 45B32E941FF38827007BA7F4 /* libUnpacker.a */;
			productType = "com.apple.product-type.library.static";
		};
/* End PBXNativeTarget section */

/* Begin PBXProject section */
		451876981EAAF80500A8AA13 /* Project object */ = {
			isa = PBXProject;
			attributes = {
				LastUpgradeCheck = 0900;
				ORGANIZATIONNAME = "Indi Kernick";
				TargetAttributes = {
					4518769F1EAAF80500A8AA13 = {
						CreatedOnToolsVersion = 8.1;
						ProvisioningStyle = Automatic;
					};
					45B32E931FF38827007BA7F4 = {
						CreatedOnToolsVersion = 9.0;
						DevelopmentTeam = QY44MADGVC;
						ProvisioningStyle = Automatic;
					};
					45B32E981FF3883D007BA7F4 = {
						CreatedOnToolsVersion = 9.0;
						DevelopmentTeam = QY44MADGVC;
						ProvisioningStyle = Automatic;
					};
				};
			};
			buildConfigurationList = 4518769B1EAAF80500A8AA13 /* Build configuration list for PBXProject "Texture Atlas Generator" */;
			compatibilityVersion = "Xcode 3.2";
			developmentRegion = English;
			hasScannedForEncodings = 0;
			knownRegions = (
				en,
			);
			mainGroup = 451876971EAAF80500A8AA13;
			productRefGroup = 451876A11EAAF80500A8AA13 /* Products */;
			projectDirPath = "";
			projectRoot = "";
			targets = (
				4518769F1EAAF80500A8AA13 /* packer */,
				45B32E931FF38827007BA7F4 /* Unpacker */,
				45B32E981FF3883D007BA7F4 /* Unpacker dylib */,
			);
		};
/* End PBXProject section */

/* Begin PBXShellScriptBuildPhase section */
		4592B4921F04786E00D1640D /* ShellScript */ = {
			isa = PBXShellScriptBuildPhase;
			buildActionMask = 2147483647;
			files = (
			);
			inputPaths = (
			);
			outputPaths = (
			);
			runOnlyForDeploymentPostprocessing = 0;
			shellPath = /bin/bash;
			shellScript = "cp \"Texture Atlas Generator/Utils/types.hpp\" \"Unpacker/types.hpp\"";
		};
		45B32E9E1FF38848007BA7F4 /* ShellScript */ = {
			isa = PBXShellScriptBuildPhase;
			buildActionMask = 2147483647;
			files = (
			);
			inputPaths = (
			);
			outputPaths = (
			);
			runOnlyForDeploymentPostprocessing = 0;
			shellPath = /bin/bash;
			shellScript = "cd /usr/local/lib\nexport MACOSX_DEPLOYMENT_TARGET=10.13\ng++ -fpic -shared -Wl,-force_load,libUnpacker.a -o libUnpacker.dylib";
		};
		45B32EA31FF38944007BA7F4 /* ShellScript */ = {
			isa = PBXShellScriptBuildPhase;
			buildActionMask = 2147483647;
			files = (
			);
			inputPaths = (
			);
			outputPaths = (
			);
			runOnlyForDeploymentPostprocessing = 0;
			shellPath = /bin/bash;
			shellScript = "cp Texture\\ Atlas\\ Generator/Utils/types.hpp Unpacker/types.hpp";
		};
/* End PBXShellScriptBuildPhase section */

/* Begin PBXSourcesBuildPhase section */
		4518769C1EAAF80500A8AA13 /* Sources */ = {
			isa = PBXSourcesBuildPhase;
			buildActionMask = 2147483647;
			files = (
				451876BB1EAAFB9900A8AA13 /* stb_rect_pack.c in Sources */,
				451877021EADBAF200A8AA13 /* load images.cpp in Sources */,
				454D03E11FE629F800D3E560 /* sort by frame.cpp in Sources */,
				457DEF9E1EBB18E3003E4275 /* write atlas.cpp in Sources */,
				45A628B21EC45D8400F5022B /* rects from images.cpp in Sources */,
				45A628A91EC455E000F5022B /* search dir.cpp in Sources */,
				451877031EADBAF200A8AA13 /* blit images.cpp in Sources */,
				457DEF941EB9C170003E4275 /* user interface.cpp in Sources */,
				451876A41EAAF80500A8AA13 /* main.cpp in Sources */,
				451877191EADD90C00A8AA13 /* app.cpp in Sources */,
				45A628AA1EC455E000F5022B /* terminal color.cpp in Sources */,
				4592B49A1F05CF2B00D1640D /* logger.cpp in Sources */,
				451877061EADBAF200A8AA13 /* write image.cpp in Sources */,
				45A628AE1EC4583000F5022B /* pack rects.cpp in Sources */,
			);
			runOnlyForDeploymentPostprocessing = 0;
		};
		45B32E901FF38827007BA7F4 /* Sources */ = {
			isa = PBXSourcesBuildPhase;
			buildActionMask = 2147483647;
			files = (
				45B32E9F1FF388EB007BA7F4 /* unpacker.cpp in Sources */,
			);
			runOnlyForDeploymentPostprocessing = 0;
		};
/* End PBXSourcesBuildPhase section */

/* Begin PBXTargetDependency section */
		45B32E9D1FF38845007BA7F4 /* PBXTargetDependency */ = {
			isa = PBXTargetDependency;
			target = 45B32E931FF38827007BA7F4 /* Unpacker */;
			targetProxy = 45B32E9C1FF38845007BA7F4 /* PBXContainerItemProxy */;
		};
		45B32EA11FF38936007BA7F4 /* PBXTargetDependency */ = {
			isa = PBXTargetDependency;
			target = 4518769F1EAAF80500A8AA13 /* packer */;
			targetProxy = 45B32EA01FF38936007BA7F4 /* PBXContainerItemProxy */;
		};
/* End PBXTargetDependency section */

/* Begin XCBuildConfiguration section */
		451876A51EAAF80500A8AA13 /* Debug */ = {
			isa = XCBuildConfiguration;
			buildSettings = {
				ALWAYS_SEARCH_USER_PATHS = NO;
				CLANG_ANALYZER_NONNULL = YES;
				CLANG_CXX_LANGUAGE_STANDARD = "gnu++0x";
				CLANG_CXX_LIBRARY = "libc++";
				CLANG_ENABLE_MODULES = YES;
				CLANG_ENABLE_OBJC_ARC = YES;
				CLANG_WARN_BLOCK_CAPTURE_AUTORELEASING = YES;
				CLANG_WARN_BOOL_CONVERSION = YES;
				CLANG_WARN_COMMA = YES;
				CLANG_WARN_CONSTANT_CONVERSION = YES;
				CLANG_WARN_DIRECT_OBJC_ISA_USAGE = YES_ERROR;
				CLANG_WARN_DOCUMENTATION_COMMENTS = YES;
				CLANG_WARN_EMPTY_BODY = YES;
				CLANG_WARN_ENUM_CONVERSION = YES;
				CLANG_WARN_INFINITE_RECURSION = YES;
				CLANG_WARN_INT_CONVERSION = YES;
				CLANG_WARN_NON_LITERAL_NULL_CONVERSION = YES;
				CLANG_WARN_OBJC_LITERAL_CONVERSION = YES;
				CLANG_WARN_OBJC_ROOT_CLASS = YES_ERROR;
				CLANG_WARN_RANGE_LOOP_ANALYSIS = YES;
				CLANG_WARN_STRICT_PROTOTYPES = YES;
				CLANG_WARN_SUSPICIOUS_MOVE = YES;
				CLANG_WARN_SUSPICIOUS_MOVES = YES;
				CLANG_WARN_UNREACHABLE_CODE = YES;
				CLANG_WARN__DUPLICATE_METHOD_MATCH = YES;
				CODE_SIGN_IDENTITY = "-";
				COPY_PHASE_STRIP = NO;
				DEBUG_INFORMATION_FORMAT = dwarf;
				ENABLE_STRICT_OBJC_MSGSEND = YES;
				ENABLE_TESTABILITY = YES;
				GCC_C_LANGUAGE_STANDARD = gnu99;
				GCC_DYNAMIC_NO_PIC = NO;
				GCC_NO_COMMON_BLOCKS = YES;
				GCC_OPTIMIZATION_LEVEL = 0;
				GCC_PREPROCESSOR_DEFINITIONS = (
					"DEBUG=1",
					"$(inherited)",
				);
				GCC_WARN_64_TO_32_BIT_CONVERSION = YES;
				GCC_WARN_ABOUT_RETURN_TYPE = YES_ERROR;
				GCC_WARN_UNDECLARED_SELECTOR = YES;
				GCC_WARN_UNINITIALIZED_AUTOS = YES_AGGRESSIVE;
				GCC_WARN_UNUSED_FUNCTION = YES;
				GCC_WARN_UNUSED_VARIABLE = YES;
				MACOSX_DEPLOYMENT_TARGET = 10.13;
				MTL_ENABLE_DEBUG_INFO = YES;
				ONLY_ACTIVE_ARCH = YES;
				SDKROOT = macosx;
			};
			name = Debug;
		};
		451876A61EAAF80500A8AA13 /* Release */ = {
			isa = XCBuildConfiguration;
			buildSettings = {
				ALWAYS_SEARCH_USER_PATHS = NO;
				CLANG_ANALYZER_NONNULL = YES;
				CLANG_CXX_LANGUAGE_STANDARD = "gnu++0x";
				CLANG_CXX_LIBRARY = "libc++";
				CLANG_ENABLE_MODULES = YES;
				CLANG_ENABLE_OBJC_ARC = YES;
				CLANG_WARN_BLOCK_CAPTURE_AUTORELEASING = YES;
				CLANG_WARN_BOOL_CONVERSION = YES;
				CLANG_WARN_COMMA = YES;
				CLANG_WARN_CONSTANT_CONVERSION = YES;
				CLANG_WARN_DIRECT_OBJC_ISA_USAGE = YES_ERROR;
				CLANG_WARN_DOCUMENTATION_COMMENTS = YES;
				CLANG_WARN_EMPTY_BODY = YES;
				CLANG_WARN_ENUM_CONVERSION = YES;
				CLANG_WARN_INFINITE_RECURSION = YES;
				CLANG_WARN_INT_CONVERSION = YES;
				CLANG_WARN_NON_LITERAL_NULL_CONVERSION = YES;
				CLANG_WARN_OBJC_LITERAL_CONVERSION = YES;
				CLANG_WARN_OBJC_ROOT_CLASS = YES_ERROR;
				CLANG_WARN_RANGE_LOOP_ANALYSIS = YES;
				CLANG_WARN_STRICT_PROTOTYPES = YES;
				CLANG_WARN_SUSPICIOUS_MOVE = YES;
				CLANG_WARN_SUSPICIOUS_MOVES = YES;
				CLANG_WARN_UNREACHABLE_CODE = YES;
				CLANG_WARN__DUPLICATE_METHOD_MATCH = YES;
				CODE_SIGN_IDENTITY = "-";
				COPY_PHASE_STRIP = NO;
				DEBUG_INFORMATION_FORMAT = "dwarf-with-dsym";
				ENABLE_NS_ASSERTIONS = NO;
				ENABLE_STRICT_OBJC_MSGSEND = YES;
				GCC_C_LANGUAGE_STANDARD = gnu99;
				GCC_NO_COMMON_BLOCKS = YES;
				GCC_WARN_64_TO_32_BIT_CONVERSION = YES;
				GCC_WARN_ABOUT_RETURN_TYPE = YES_ERROR;
				GCC_WARN_UNDECLARED_SELECTOR = YES;
				GCC_WARN_UNINITIALIZED_AUTOS = YES_AGGRESSIVE;
				GCC_WARN_UNUSED_FUNCTION = YES;
				GCC_WARN_UNUSED_VARIABLE = YES;
				MACOSX_DEPLOYMENT_TARGET = 10.13;
				MTL_ENABLE_DEBUG_INFO = NO;
				SDKROOT = macosx;
			};
			name = Release;
		};
		451876A81EAAF80500A8AA13 /* Debug */ = {
			isa = XCBuildConfiguration;
			buildSettings = {
				CLANG_CXX_LANGUAGE_STANDARD = "compiler-default";
				CLANG_WARN_ASSIGN_ENUM = YES;
				CLANG_WARN_DOCUMENTATION_COMMENTS = NO;
				CLANG_WARN_IMPLICIT_SIGN_CONVERSION = NO;
				CLANG_WARN_SUSPICIOUS_IMPLICIT_CONVERSION = NO;
				GCC_C_LANGUAGE_STANDARD = c11;
				GCC_PREPROCESSOR_DEFINITIONS = (
					DEBUG,
					BUILDING_PACKER,
				);
				GCC_TREAT_INCOMPATIBLE_POINTER_TYPE_WARNINGS_AS_ERRORS = YES;
				GCC_WARN_FOUR_CHARACTER_CONSTANTS = YES;
				GCC_WARN_HIDDEN_VIRTUAL_FUNCTIONS = YES;
				GCC_WARN_NON_VIRTUAL_DESTRUCTOR = YES;
				GCC_WARN_SHADOW = YES;
				GCC_WARN_SIGN_COMPARE = YES;
				GCC_WARN_UNKNOWN_PRAGMAS = YES;
				GCC_WARN_UNUSED_LABEL = YES;
				GCC_WARN_UNUSED_PARAMETER = YES;
				HEADER_SEARCH_PATHS = (
					/usr/local/include/,
					"/usr/local/Cellar/freetype/**",
					"/usr/local/Cellar/yaml-cpp/**",
				);
				LIBRARY_SEARCH_PATHS = (
					/usr/local/lib,
					"/usr/local/Cellar/freetype/**",
					"/usr/local/Cellar/yaml-cpp/**",
				);
				OTHER_CPLUSPLUSFLAGS = (
					"$(OTHER_CFLAGS)",
					"-Wall",
					"-Wextra",
					"-Weffc++",
					"-Wpedantic",
					"-Wextra-semi",
					"-std=c++1z",
				);
				OTHER_LDFLAGS = /usr/local/lib/libSurface.a;
				PRODUCT_NAME = "$(TARGET_NAME)";
			};
			name = Debug;
		};
		451876A91EAAF80500A8AA13 /* Release */ = {
			isa = XCBuildConfiguration;
			buildSettings = {
				CLANG_CXX_LANGUAGE_STANDARD = "compiler-default";
				CLANG_WARN_ASSIGN_ENUM = YES;
				CLANG_WARN_DOCUMENTATION_COMMENTS = NO;
				CLANG_WARN_IMPLICIT_SIGN_CONVERSION = NO;
				CLANG_WARN_SUSPICIOUS_IMPLICIT_CONVERSION = NO;
				GCC_C_LANGUAGE_STANDARD = c11;
				GCC_PREPROCESSOR_DEFINITIONS = (
					RELEASE,
					BUILDING_PACKER,
				);
				GCC_TREAT_INCOMPATIBLE_POINTER_TYPE_WARNINGS_AS_ERRORS = YES;
				GCC_WARN_FOUR_CHARACTER_CONSTANTS = YES;
				GCC_WARN_HIDDEN_VIRTUAL_FUNCTIONS = YES;
				GCC_WARN_NON_VIRTUAL_DESTRUCTOR = YES;
				GCC_WARN_SHADOW = YES;
				GCC_WARN_SIGN_COMPARE = YES;
				GCC_WARN_UNKNOWN_PRAGMAS = YES;
				GCC_WARN_UNUSED_LABEL = YES;
				GCC_WARN_UNUSED_PARAMETER = YES;
				HEADER_SEARCH_PATHS = (
					/usr/local/include/,
					"/usr/local/Cellar/freetype/**",
					"/usr/local/Cellar/yaml-cpp/**",
				);
				LIBRARY_SEARCH_PATHS = (
					/usr/local/lib,
					"/usr/local/Cellar/freetype/**",
					"/usr/local/Cellar/yaml-cpp/**",
				);
				OTHER_CPLUSPLUSFLAGS = (
					"$(OTHER_CFLAGS)",
					"-Wall",
					"-Wextra",
					"-Weffc++",
					"-Wpedantic",
					"-Wextra-semi",
					"-std=c++1z",
				);
				OTHER_LDFLAGS = /usr/local/lib/libSurface.a;
				PRODUCT_NAME = "$(TARGET_NAME)";
			};
			name = Release;
		};
		45B32E961FF38827007BA7F4 /* Debug */ = {
			isa = XCBuildConfiguration;
			buildSettings = {
				CLANG_ANALYZER_NUMBER_OBJECT_CONVERSION = YES_AGGRESSIVE;
				CLANG_CXX_LANGUAGE_STANDARD = "compiler-default";
				CLANG_WARN_UNGUARDED_AVAILABILITY = YES_AGGRESSIVE;
				CODE_SIGN_IDENTITY = "Mac Developer";
				CODE_SIGN_STYLE = Automatic;
				DEVELOPMENT_TEAM = QY44MADGVC;
				EXECUTABLE_PREFIX = lib;
				GCC_C_LANGUAGE_STANDARD = gnu11;
				HEADER_SEARCH_PATHS = /usr/local/include;
				LIBRARY_SEARCH_PATHS = /usr/local/lib;
				MACOSX_DEPLOYMENT_TARGET = 10.13;
				OTHER_CPLUSPLUSFLAGS = (
					"$(OTHER_CFLAGS)",
					"-Wall",
					"-Wextra",
					"-Weffc++",
					"-Wpedantic",
					"-Wno-documentation",
					"-std=c++1z",
				);
				OTHER_LDFLAGS = /usr/local/lib/libSurface.a;
				PRODUCT_NAME = "$(TARGET_NAME)";
			};
			name = Debug;
		};
		45B32E971FF38827007BA7F4 /* Release */ = {
			isa = XCBuildConfiguration;
			buildSettings = {
				CLANG_ANALYZER_NUMBER_OBJECT_CONVERSION = YES_AGGRESSIVE;
				CLANG_CXX_LANGUAGE_STANDARD = "compiler-default";
				CLANG_WARN_UNGUARDED_AVAILABILITY = YES_AGGRESSIVE;
				CODE_SIGN_IDENTITY = "Mac Developer";
				CODE_SIGN_STYLE = Automatic;
				DEVELOPMENT_TEAM = QY44MADGVC;
				EXECUTABLE_PREFIX = lib;
				GCC_C_LANGUAGE_STANDARD = gnu11;
				HEADER_SEARCH_PATHS = /usr/local/include;
				LIBRARY_SEARCH_PATHS = /usr/local/lib;
				MACOSX_DEPLOYMENT_TARGET = 10.13;
				OTHER_CPLUSPLUSFLAGS = (
					"$(OTHER_CFLAGS)",
					"-Wall",
					"-Wextra",
					"-Weffc++",
					"-Wpedantic",
					"-Wno-documentation",
					"-std=c++1z",
				);
				OTHER_LDFLAGS = /usr/local/lib/libSurface.a;
				PRODUCT_NAME = "$(TARGET_NAME)";
			};
			name = Release;
		};
		45B32E9A1FF3883E007BA7F4 /* Debug */ = {
			isa = XCBuildConfiguration;
			buildSettings = {
				CODE_SIGN_STYLE = Automatic;
				DEVELOPMENT_TEAM = QY44MADGVC;
				MACOSX_DEPLOYMENT_TARGET = 10.13;
				PRODUCT_NAME = "$(TARGET_NAME)";
			};
			name = Debug;
		};
		45B32E9B1FF3883E007BA7F4 /* Release */ = {
			isa = XCBuildConfiguration;
			buildSettings = {
				CODE_SIGN_STYLE = Automatic;
				DEVELOPMENT_TEAM = QY44MADGVC;
				MACOSX_DEPLOYMENT_TARGET = 10.13;
				PRODUCT_NAME = "$(TARGET_NAME)";
			};
			name = Release;
		};
/* End XCBuildConfiguration section */

/* Begin XCConfigurationList section */
		4518769B1EAAF80500A8AA13 /* Build configuration list for PBXProject "Texture Atlas Generator" */ = {
			isa = XCConfigurationList;
			buildConfigurations = (
				451876A51EAAF80500A8AA13 /* Debug */,
				451876A61EAAF80500A8AA13 /* Release */,
			);
			defaultConfigurationIsVisible = 0;
			defaultConfigurationName = Release;
		};
		451876A71EAAF80500A8AA13 /* Build configuration list for PBXNativeTarget "packer" */ = {
			isa = XCConfigurationList;
			buildConfigurations = (
				451876A81EAAF80500A8AA13 /* Debug */,
				451876A91EAAF80500A8AA13 /* Release */,
			);
			defaultConfigurationIsVisible = 0;
			defaultConfigurationName = Release;
		};
		45B32E951FF38827007BA7F4 /* Build configuration list for PBXNativeTarget "Unpacker" */ = {
			isa = XCConfigurationList;
			buildConfigurations = (
				45B32E961FF38827007BA7F4 /* Debug */,
				45B32E971FF38827007BA7F4 /* Release */,
			);
			defaultConfigurationIsVisible = 0;
			defaultConfigurationName = Release;
		};
		45B32E991FF3883E007BA7F4 /* Build configuration list for PBXAggregateTarget "Unpacker dylib" */ = {
			isa = XCConfigurationList;
			buildConfigurations = (
				45B32E9A1FF3883E007BA7F4 /* Debug */,
				45B32E9B1FF3883E007BA7F4 /* Release */,
			);
			defaultConfigurationIsVisible = 0;
			defaultConfigurationName = Release;
		};
/* End XCConfigurationList section */
	};
	rootObject = 451876981EAAF80500A8AA13 /* Project object */;
}
